
Microsoft Visual Studio Solution File, Format Version 12.00
# Visual Studio 15
VisualStudioVersion = 15.0.28010.2036
MinimumVisualStudioVersion = 10.0.40219.1
Project("{FAE04EC0-301F-11D3-BF4B-00C04F79EFBC}") = "SimpleStreamTimer", "SimpleStreamTimer\SimpleStreamTimer.csproj", "{4E31FA1B-55D3-4F92-81E7-44D3C4C04125}"
EndProject
Global
	GlobalSection(SolutionConfigurationPlatforms) = preSolution
		Debug|Any CPU = Debug|Any CPU
		Release|Any CPU = Release|Any CPU
	EndGlobalSection
	GlobalSection(ProjectConfigurationPlatforms) = postSolution
		{4E31FA1B-55D3-4F92-81E7-44D3C4C04125}.Debug|Any CPU.ActiveCfg = Debug|Any CPU
		{4E31FA1B-55D3-4F92-81E7-44D3C4C04125}.Debug|Any CPU.Build.0 = Debug|Any CPU
		{4E31FA1B-55D3-4F92-81E7-44D3C4C04125}.Release|Any CPU.ActiveCfg = Release|Any CPU
		{4E31FA1B-55D3-4F92-81E7-44D3C4C04125}.Release|Any CPU.Build.0 = Release|Any CPU
	EndGlobalSection
	GlobalSection(SolutionProperties) = preSolution
		HideSolutionNode = FALSE
	EndGlobalSection
	GlobalSection(ExtensibilityGlobals) = postSolution
		SolutionGuid = {A66ECF44-0987-48E2-B3B3-4A5208A1805B}
	EndGlobalSection
EndGlobal
